
Microsoft Visual Studio Solution File, Format Version 12.00
# Visual Studio Version 16
VisualStudioVersion = 16.0.30330.147
MinimumVisualStudioVersion = 10.0.40219.1
Project("{FAE04EC0-301F-11D3-BF4B-00C04F79EFBC}") = "Filmellato", "Filmellato.csproj", "{3E5ACD60-D509-427A-A322-CDD429244930}"
EndProject
Global
	GlobalSection(SolutionConfigurationPlatforms) = preSolution
		Debug|Any CPU = Debug|Any CPU
		Release|Any CPU = Release|Any CPU
		Testing|Any CPU = Testing|Any CPU
	EndGlobalSection
	GlobalSection(ProjectConfigurationPlatforms) = postSolution
		{3E5ACD60-D509-427A-A322-CDD429244930}.Debug|Any CPU.ActiveCfg = Debug|Any CPU
		{3E5ACD60-D509-427A-A322-CDD429244930}.Debug|Any CPU.Build.0 = Debug|Any CPU
		{3E5ACD60-D509-427A-A322-CDD429244930}.Release|Any CPU.ActiveCfg = Release|Any CPU
		{3E5ACD60-D509-427A-A322-CDD429244930}.Release|Any CPU.Build.0 = Release|Any CPU
		{3E5ACD60-D509-427A-A322-CDD429244930}.Testing|Any CPU.ActiveCfg = Testing|Any CPU
		{3E5ACD60-D509-427A-A322-CDD429244930}.Testing|Any CPU.Build.0 = Testing|Any CPU
	EndGlobalSection
	GlobalSection(SolutionProperties) = preSolution
		HideSolutionNode = FALSE
	EndGlobalSection
	GlobalSection(ExtensibilityGlobals) = postSolution
		SolutionGuid = {98FF38A4-0406-43D7-B07E-2A71FED4ED60}
	EndGlobalSection
EndGlobal
